
Microsoft Visual Studio Solution File, Format Version 12.00
# Visual Studio Version 17
VisualStudioVersion = 17.12.35707.178
MinimumVisualStudioVersion = 10.0.40219.1
Project("{2150E333-8FDC-42A3-9474-1A3956D46DE8}") = "Frontend", "Frontend", "{E012E1D2-989B-4F11-AE8E-F176BCD17F70}"
EndProject
Project("{2150E333-8FDC-42A3-9474-1A3956D46DE8}") = "Gateway", "Gateway", "{BBA0C617-FC56-4216-950B-704A1B7D99A6}"
EndProject
Project("{2150E333-8FDC-42A3-9474-1A3956D46DE8}") = "Integration", "Integration", "{385A2DCA-EB9E-41DA-B283-D6A77C5588A7}"
EndProject
Project("{2150E333-8FDC-42A3-9474-1A3956D46DE8}") = "Services", "Services", "{A3EADEAE-F158-4F91-8CA8-DE4B1A80FD01}"
EndProject
Project("{FAE04EC0-301F-11D3-BF4B-00C04F79EFBC}") = "Mango.Services.CouponAPI", "Mango.Services.CouponAPI\Mango.Services.CouponAPI.csproj", "{03CFDF88-1176-4D59-9296-5A9380461087}"
EndProject
Project("{FAE04EC0-301F-11D3-BF4B-00C04F79EFBC}") = "Mango.Web", "Mango.Web\Mango.Web.csproj", "{0A03038C-90BF-4F33-8439-9A1E5C8984F6}"
EndProject
Project("{FAE04EC0-301F-11D3-BF4B-00C04F79EFBC}") = "Mango.Services.AuthAPI", "Mango.Services.AuthAPI\Mango.Services.AuthAPI.csproj", "{71C64919-5C26-445E-9D32-5E8C176F08EC}"
EndProject
Project("{FAE04EC0-301F-11D3-BF4B-00C04F79EFBC}") = "Mango.Services.ProductAPI", "Mango.Services.ProductAPI\Mango.Services.ProductAPI.csproj", "{A5E0CB55-EC35-446B-8B9E-C04C5E84FC01}"
EndProject
Project("{FAE04EC0-301F-11D3-BF4B-00C04F79EFBC}") = "Mango.Services.ShoppingCartAPI", "Mango.Services.ShoppingCartAPI\Mango.Services.ShoppingCartAPI.csproj", "{95C85B1E-E916-4309-BF51-3227940B974D}"
EndProject
Project("{FAE04EC0-301F-11D3-BF4B-00C04F79EFBC}") = "Mango.MessageBus", "Mango.MessageBus\Mango.MessageBus.csproj", "{38E6CEDA-5742-4D8E-AE44-77025AE57E2C}"
EndProject
Project("{FAE04EC0-301F-11D3-BF4B-00C04F79EFBC}") = "Mango.Services.EmailAPI", "Mango.Services.EmailAPI\Mango.Services.EmailAPI.csproj", "{034C083B-7FC8-4926-B23C-7AC4FCABFD3A}"
EndProject
Project("{FAE04EC0-301F-11D3-BF4B-00C04F79EFBC}") = "Mango.Services.OrderAPI", "Mango.Services.OrderAPI\Mango.Services.OrderAPI.csproj", "{304AE84F-8973-44EF-B40A-05F615AF2BF0}"
EndProject
Project("{FAE04EC0-301F-11D3-BF4B-00C04F79EFBC}") = "Mango.Services.RewardAPI", "Mango.Services.RewardAPI\Mango.Services.RewardAPI.csproj", "{FC6740F2-0D30-4718-A937-653EF3F309CE}"
EndProject
Project("{FAE04EC0-301F-11D3-BF4B-00C04F79EFBC}") = "Mango.GatewaySolution", "Mango.GatewaySolution\Mango.GatewaySolution.csproj", "{19ED0C94-97B4-4BD9-9B9B-B47B7D797C43}"
EndProject
Global
	GlobalSection(SolutionConfigurationPlatforms) = preSolution
		Debug|Any CPU = Debug|Any CPU
		Release|Any CPU = Release|Any CPU
	EndGlobalSection
	GlobalSection(ProjectConfigurationPlatforms) = postSolution
		{03CFDF88-1176-4D59-9296-5A9380461087}.Debug|Any CPU.ActiveCfg = Debug|Any CPU
		{03CFDF88-1176-4D59-9296-5A9380461087}.Debug|Any CPU.Build.0 = Debug|Any CPU
		{03CFDF88-1176-4D59-9296-5A9380461087}.Release|Any CPU.ActiveCfg = Release|Any CPU
		{03CFDF88-1176-4D59-9296-5A9380461087}.Release|Any CPU.Build.0 = Release|Any CPU
		{0A03038C-90BF-4F33-8439-9A1E5C8984F6}.Debug|Any CPU.ActiveCfg = Debug|Any CPU
		{0A03038C-90BF-4F33-8439-9A1E5C8984F6}.Debug|Any CPU.Build.0 = Debug|Any CPU
		{0A03038C-90BF-4F33-8439-9A1E5C8984F6}.Release|Any CPU.ActiveCfg = Release|Any CPU
		{0A03038C-90BF-4F33-8439-9A1E5C8984F6}.Release|Any CPU.Build.0 = Release|Any CPU
		{71C64919-5C26-445E-9D32-5E8C176F08EC}.Debug|Any CPU.ActiveCfg = Debug|Any CPU
		{71C64919-5C26-445E-9D32-5E8C176F08EC}.Debug|Any CPU.Build.0 = Debug|Any CPU
		{71C64919-5C26-445E-9D32-5E8C176F08EC}.Release|Any CPU.ActiveCfg = Release|Any CPU
		{71C64919-5C26-445E-9D32-5E8C176F08EC}.Release|Any CPU.Build.0 = Release|Any CPU
		{A5E0CB55-EC35-446B-8B9E-C04C5E84FC01}.Debug|Any CPU.ActiveCfg = Debug|Any CPU
		{A5E0CB55-EC35-446B-8B9E-C04C5E84FC01}.Debug|Any CPU.Build.0 = Debug|Any CPU
		{A5E0CB55-EC35-446B-8B9E-C04C5E84FC01}.Release|Any CPU.ActiveCfg = Release|Any CPU
		{A5E0CB55-EC35-446B-8B9E-C04C5E84FC01}.Release|Any CPU.Build.0 = Release|Any CPU
		{95C85B1E-E916-4309-BF51-3227940B974D}.Debug|Any CPU.ActiveCfg = Debug|Any CPU
		{95C85B1E-E916-4309-BF51-3227940B974D}.Debug|Any CPU.Build.0 = Debug|Any CPU
		{95C85B1E-E916-4309-BF51-3227940B974D}.Release|Any CPU.ActiveCfg = Release|Any CPU
		{95C85B1E-E916-4309-BF51-3227940B974D}.Release|Any CPU.Build.0 = Release|Any CPU
		{38E6CEDA-5742-4D8E-AE44-77025AE57E2C}.Debug|Any CPU.ActiveCfg = Debug|Any CPU
		{38E6CEDA-5742-4D8E-AE44-77025AE57E2C}.Debug|Any CPU.Build.0 = Debug|Any CPU
		{38E6CEDA-5742-4D8E-AE44-77025AE57E2C}.Release|Any CPU.ActiveCfg = Release|Any CPU
		{38E6CEDA-5742-4D8E-AE44-77025AE57E2C}.Release|Any CPU.Build.0 = Release|Any CPU
		{034C083B-7FC8-4926-B23C-7AC4FCABFD3A}.Debug|Any CPU.ActiveCfg = Debug|Any CPU
		{034C083B-7FC8-4926-B23C-7AC4FCABFD3A}.Debug|Any CPU.Build.0 = Debug|Any CPU
		{034C083B-7FC8-4926-B23C-7AC4FCABFD3A}.Release|Any CPU.ActiveCfg = Release|Any CPU
		{034C083B-7FC8-4926-B23C-7AC4FCABFD3A}.Release|Any CPU.Build.0 = Release|Any CPU
		{304AE84F-8973-44EF-B40A-05F615AF2BF0}.Debug|Any CPU.ActiveCfg = Debug|Any CPU
		{304AE84F-8973-44EF-B40A-05F615AF2BF0}.Debug|Any CPU.Build.0 = Debug|Any CPU
		{304AE84F-8973-44EF-B40A-05F615AF2BF0}.Release|Any CPU.ActiveCfg = Release|Any CPU
		{304AE84F-8973-44EF-B40A-05F615AF2BF0}.Release|Any CPU.Build.0 = Release|Any CPU
		{FC6740F2-0D30-4718-A937-653EF3F309CE}.Debug|Any CPU.ActiveCfg = Debug|Any CPU
		{FC6740F2-0D30-4718-A937-653EF3F309CE}.Debug|Any CPU.Build.0 = Debug|Any CPU
		{FC6740F2-0D30-4718-A937-653EF3F309CE}.Release|Any CPU.ActiveCfg = Release|Any CPU
		{FC6740F2-0D30-4718-A937-653EF3F309CE}.Release|Any CPU.Build.0 = Release|Any CPU
		{19ED0C94-97B4-4BD9-9B9B-B47B7D797C43}.Debug|Any CPU.ActiveCfg = Debug|Any CPU
		{19ED0C94-97B4-4BD9-9B9B-B47B7D797C43}.Debug|Any CPU.Build.0 = Debug|Any CPU
		{19ED0C94-97B4-4BD9-9B9B-B47B7D797C43}.Release|Any CPU.ActiveCfg = Release|Any CPU
		{19ED0C94-97B4-4BD9-9B9B-B47B7D797C43}.Release|Any CPU.Build.0 = Release|Any CPU
	EndGlobalSection
	GlobalSection(SolutionProperties) = preSolution
		HideSolutionNode = FALSE
	EndGlobalSection
	GlobalSection(NestedProjects) = preSolution
		{03CFDF88-1176-4D59-9296-5A9380461087} = {A3EADEAE-F158-4F91-8CA8-DE4B1A80FD01}
		{0A03038C-90BF-4F33-8439-9A1E5C8984F6} = {E012E1D2-989B-4F11-AE8E-F176BCD17F70}
		{71C64919-5C26-445E-9D32-5E8C176F08EC} = {A3EADEAE-F158-4F91-8CA8-DE4B1A80FD01}
		{A5E0CB55-EC35-446B-8B9E-C04C5E84FC01} = {A3EADEAE-F158-4F91-8CA8-DE4B1A80FD01}
		{95C85B1E-E916-4309-BF51-3227940B974D} = {A3EADEAE-F158-4F91-8CA8-DE4B1A80FD01}
		{38E6CEDA-5742-4D8E-AE44-77025AE57E2C} = {385A2DCA-EB9E-41DA-B283-D6A77C5588A7}
		{034C083B-7FC8-4926-B23C-7AC4FCABFD3A} = {A3EADEAE-F158-4F91-8CA8-DE4B1A80FD01}
		{304AE84F-8973-44EF-B40A-05F615AF2BF0} = {A3EADEAE-F158-4F91-8CA8-DE4B1A80FD01}
		{FC6740F2-0D30-4718-A937-653EF3F309CE} = {A3EADEAE-F158-4F91-8CA8-DE4B1A80FD01}
		{19ED0C94-97B4-4BD9-9B9B-B47B7D797C43} = {BBA0C617-FC56-4216-950B-704A1B7D99A6}
	EndGlobalSection
EndGlobal
